PODS:
  - FBSnapshotTestCase (2.1.4):
    - FBSnapshotTestCase/SwiftSupport (= 2.1.4)
  - FBSnapshotTestCase/Core (2.1.4)
  - FBSnapshotTestCase/SwiftSupport (2.1.4):
    - FBSnapshotTestCase/Core
  - YJProtocols (0.1.1)

DEPENDENCIES:
  - FBSnapshotTestCase
  - YJProtocols (from `../YJProtocols.podspec`)

SPEC REPOS:
  https://github.com/CocoaPods/Specs.git:
    - FBSnapshotTestCase

EXTERNAL SOURCES:
  YJProtocols:
    :path: "../YJProtocols.podspec"

SPEC CHECKSUMS:
  FBSnapshotTestCase: 094f9f314decbabe373b87cc339bea235a63e07a
  YJProtocols: 73846bf6da33d71112f31f6713ba20dfd2034d1e

PODFILE CHECKSUM: 5819e663f68f4cf9712a9ae538c30bb1107a0fd5

COCOAPODS: 1.8.4
